
Microsoft Visual Studio Solution File, Format Version 12.00
# Visual Studio Version 17
VisualStudioVersion = 17.10.35013.160
MinimumVisualStudioVersion = 10.0.40219.1
Project("{FAE04EC0-301F-11D3-BF4B-00C04F79EFBC}") = "AracTakipSistemi", "AracTakipSistemi\AracTakipSistemi.csproj", "{08B72197-5DB7-4D48-A291-DCF59449B032}"
EndProject
Global
	GlobalSection(SolutionConfigurationPlatforms) = preSolution
		Debug|Any CPU = Debug|Any CPU
		Release|Any CPU = Release|Any CPU
	EndGlobalSection
	GlobalSection(ProjectConfigurationPlatforms) = postSolution
		{08B72197-5DB7-4D48-A291-DCF59449B032}.Debug|Any CPU.ActiveCfg = Debug|Any CPU
		{08B72197-5DB7-4D48-A291-DCF59449B032}.Debug|Any CPU.Build.0 = Debug|Any CPU
		{08B72197-5DB7-4D48-A291-DCF59449B032}.Release|Any CPU.ActiveCfg = Release|Any CPU
		{08B72197-5DB7-4D48-A291-DCF59449B032}.Release|Any CPU.Build.0 = Release|Any CPU
	EndGlobalSection
	GlobalSection(SolutionProperties) = preSolution
		HideSolutionNode = FALSE
	EndGlobalSection
	GlobalSection(ExtensibilityGlobals) = postSolution
		SolutionGuid = {71A6A286-62D8-4083-B450-DB8A0E42436E}
	EndGlobalSection
EndGlobal
